// !$*UTF8*$!
{
	archiveVersion = 1;
	classes = {
	};
	objectVersion = 50;
	objects = {

/* Begin PBXBuildFile section */
		1A56E49721C94C8D0041085F /* NewsFeedTableViewCell.swift in Sources */ = {isa = PBXBuildFile; fileRef = 1A56E49621C94C8D0041085F /* NewsFeedTableViewCell.swift */; };
		1A8CD54B2143E27700843323 /* NewsDataModel.swift in Sources */ = {isa = PBXBuildFile; fileRef = 1A8CD54A2143E27700843323 /* NewsDataModel.swift */; };
		1AE87C0E21427C75005D6B32 /* AppDelegate.swift in Sources */ = {isa = PBXBuildFile; fileRef = 1AE87C0D21427C75005D6B32 /* AppDelegate.swift */; };
		1AE87C1321427C75005D6B32 /* Main.storyboard in Resources */ = {isa = PBXBuildFile; fileRef = 1AE87C1121427C75005D6B32 /* Main.storyboard */; };
		1AE87C1521427C75005D6B32 /* Assets.xcassets in Resources */ = {isa = PBXBuildFile; fileRef = 1AE87C1421427C75005D6B32 /* Assets.xcassets */; };
		1AE87C1821427C75005D6B32 /* LaunchScreen.storyboard in Resources */ = {isa = PBXBuildFile; fileRef = 1AE87C1621427C75005D6B32 /* LaunchScreen.storyboard */; };
		1AE87C2221427DA8005D6B32 /* NewsFeedTableViewController.swift in Sources */ = {isa = PBXBuildFile; fileRef = 1AE87C2121427DA8005D6B32 /* NewsFeedTableViewController.swift */; };
		E894E037D9A514BBED1CA349 /* Pods_NewsNow.framework in Frameworks */ = {isa = PBXBuildFile; fileRef = A6DEFEB0DEB7FB46E53E4592 /* Pods_NewsNow.framework */; };
/* End PBXBuildFile section */

/* Begin PBXFileReference section */
		027ADDA21D97C37B7549F6B8 /* Pods-NewsNow.debug.xcconfig */ = {isa = PBXFileReference; includeInIndex = 1; lastKnownFileType = text.xcconfig; name = "Pods-NewsNow.debug.xcconfig"; path = "Pods/Target Support Files/Pods-NewsNow/Pods-NewsNow.debug.xcconfig"; sourceTree = "<group>"; };
		1A56E49621C94C8D0041085F /* NewsFeedTableViewCell.swift */ = {isa = PBXFileReference; lastKnownFileType = sourcecode.swift; path = NewsFeedTableViewCell.swift; sourceTree = "<group>"; };
		1A8CD54A2143E27700843323 /* NewsDataModel.swift */ = {isa = PBXFileReference; lastKnownFileType = sourcecode.swift; path = NewsDataModel.swift; sourceTree = "<group>"; };
		1AE87C0A21427C75005D6B32 /* NewsNow.app */ = {isa = PBXFileReference; explicitFileType = wrapper.application; includeInIndex = 0; path = NewsNow.app; sourceTree = BUILT_PRODUCTS_DIR; };
		1AE87C0D21427C75005D6B32 /* AppDelegate.swift */ = {isa = PBXFileReference; lastKnownFileType = sourcecode.swift; path = AppDelegate.swift; sourceTree = "<group>"; };
		1AE87C1221427C75005D6B32 /* Base */ = {isa = PBXFileReference; lastKnownFileType = file.storyboard; name = Base; path = Base.lproj/Main.storyboard; sourceTree = "<group>"; };
		1AE87C1421427C75005D6B32 /* Assets.xcassets */ = {isa = PBXFileReference; lastKnownFileType = folder.assetcatalog; path = Assets.xcassets; sourceTree = "<group>"; };
		1AE87C1721427C75005D6B32 /* Base */ = {isa = PBXFileReference; lastKnownFileType = file.storyboard; name = Base; path = Base.lproj/LaunchScreen.storyboard; sourceTree = "<group>"; };
		1AE87C1921427C75005D6B32 /* Info.plist */ = {isa = PBXFileReference; lastKnownFileType = text.plist.xml; path = Info.plist; sourceTree = "<group>"; };
		1AE87C2121427DA8005D6B32 /* NewsFeedTableViewController.swift */ = {isa = PBXFileReference; lastKnownFileType = sourcecode.swift; path = NewsFeedTableViewController.swift; sourceTree = "<group>"; };
		81EED090DCDD77A1765BE3D1 /* Pods-NewsNow.release.xcconfig */ = {isa = PBXFileReference; includeInIndex = 1; lastKnownFileType = text.xcconfig; name = "Pods-NewsNow.release.xcconfig"; path = "Pods/Target Support Files/Pods-NewsNow/Pods-NewsNow.release.xcconfig"; sourceTree = "<group>"; };
		A6DEFEB0DEB7FB46E53E4592 /* Pods_NewsNow.framework */ = {isa = PBXFileReference; explicitFileType = wrapper.framework; includeInIndex = 0; path = Pods_NewsNow.framework; sourceTree = BUILT_PRODUCTS_DIR; };
/* End PBXFileReference section */

/* Begin PBXFrameworksBuildPhase section */
		1AE87C0721427C75005D6B32 /* Frameworks */ = {
			isa = PBXFrameworksBuildPhase;
			buildActionMask = 2147483647;
			files = (
				E894E037D9A514BBED1CA349 /* Pods_NewsNow.framework in Frameworks */,
			);
			runOnlyForDeploymentPostprocessing = 0;
		};
/* End PBXFrameworksBuildPhase section */

/* Begin PBXGroup section */
		1A8CD54C2143E28300843323 /* Model */ = {
			isa = PBXGroup;
			children = (
				1A8CD54A2143E27700843323 /* NewsDataModel.swift */,
			);
			path = Model;
			sourceTree = "<group>";
		};
		1AE87C0121427C75005D6B32 = {
			isa = PBXGroup;
			children = (
				1AE87C0C21427C75005D6B32 /* NewsNow */,
				1AE87C0B21427C75005D6B32 /* Products */,
				C8C0505E0C906A60FF3E66F2 /* Pods */,
				4659995F8945A989A34DDFB2 /* Frameworks */,
			);
			sourceTree = "<group>";
		};
		1AE87C0B21427C75005D6B32 /* Products */ = {
			isa = PBXGroup;
			children = (
				1AE87C0A21427C75005D6B32 /* NewsNow.app */,
			);
			name = Products;
			sourceTree = "<group>";
		};
		1AE87C0C21427C75005D6B32 /* NewsNow */ = {
			isa = PBXGroup;
			children = (
				1AE87C0D21427C75005D6B32 /* AppDelegate.swift */,
				1A8CD54C2143E28300843323 /* Model */,
				1AE87C2021427CA3005D6B32 /* Controller */,
				1AE87C1F21427C94005D6B32 /* View */,
				1AE87C1421427C75005D6B32 /* Assets.xcassets */,
				1AE87C1621427C75005D6B32 /* LaunchScreen.storyboard */,
				1AE87C1921427C75005D6B32 /* Info.plist */,
			);
			path = NewsNow;
			sourceTree = "<group>";
		};
		1AE87C1F21427C94005D6B32 /* View */ = {
			isa = PBXGroup;
			children = (
				1AE87C1121427C75005D6B32 /* Main.storyboard */,
			);
			path = View;
			sourceTree = "<group>";
		};
		1AE87C2021427CA3005D6B32 /* Controller */ = {
			isa = PBXGroup;
			children = (
				1AE87C2121427DA8005D6B32 /* NewsFeedTableViewController.swift */,
				1A56E49621C94C8D0041085F /* NewsFeedTableViewCell.swift */,
			);
			path = Controller;
			sourceTree = "<group>";
		};
		4659995F8945A989A34DDFB2 /* Frameworks */ = {
			isa = PBXGroup;
			children = (
				A6DEFEB0DEB7FB46E53E4592 /* Pods_NewsNow.framework */,
			);
			name = Frameworks;
			sourceTree = "<group>";
		};
		C8C0505E0C906A60FF3E66F2 /* Pods */ = {
			isa = PBXGroup;
			children = (
				027ADDA21D97C37B7549F6B8 /* Pods-NewsNow.debug.xcconfig */,
				81EED090DCDD77A1765BE3D1 /* Pods-NewsNow.release.xcconfig */,
			);
			name = Pods;
			sourceTree = "<group>";
		};
/* End PBXGroup section */

/* Begin PBXNativeTarget section */
		1AE87C0921427C75005D6B32 /* NewsNow */ = {
			isa = PBXNativeTarget;
			buildConfigurationList = 1AE87C1C21427C75005D6B32 /* Build configuration list for PBXNativeTarget "NewsNow" */;
			buildPhases = (
				E45AC4484BD4ED0E4F20A7A5 /* [CP] Check Pods Manifest.lock */,
				1AE87C0621427C75005D6B32 /* Sources */,
				1AE87C0721427C75005D6B32 /* Frameworks */,
				1AE87C0821427C75005D6B32 /* Resources */,
			);
			buildRules = (
			);
			dependencies = (
			);
			name = NewsNow;
			productName = NewsNow;
			productReference = 1AE87C0A21427C75005D6B32 /* NewsNow.app */;
			productType = "com.apple.product-type.application";
		};
/* End PBXNativeTarget section */

/* Begin PBXProject section */
		1AE87C0221427C75005D6B32 /* Project object */ = {
			isa = PBXProject;
			attributes = {
				LastSwiftUpdateCheck = 0940;
				LastUpgradeCheck = 0940;
				ORGANIZATIONNAME = "Anand Nigam";
				TargetAttributes = {
					1AE87C0921427C75005D6B32 = {
						CreatedOnToolsVersion = 9.4;
						LastSwiftMigration = 1000;
					};
				};
			};
			buildConfigurationList = 1AE87C0521427C75005D6B32 /* Build configuration list for PBXProject "NewsNow" */;
			compatibilityVersion = "Xcode 9.3";
			developmentRegion = en;
			hasScannedForEncodings = 0;
			knownRegions = (
				en,
				Base,
			);
			mainGroup = 1AE87C0121427C75005D6B32;
			productRefGroup = 1AE87C0B21427C75005D6B32 /* Products */;
			projectDirPath = "";
			projectRoot = "";
			targets = (
				1AE87C0921427C75005D6B32 /* NewsNow */,
			);
		};
/* End PBXProject section */

/* Begin PBXResourcesBuildPhase section */
		1AE87C0821427C75005D6B32 /* Resources */ = {
			isa = PBXResourcesBuildPhase;
			buildActionMask = 2147483647;
			files = (
				1AE87C1821427C75005D6B32 /* LaunchScreen.storyboard in Resources */,
				1AE87C1521427C75005D6B32 /* Assets.xcassets in Resources */,
				1AE87C1321427C75005D6B32 /* Main.storyboard in Resources */,
			);
			runOnlyForDeploymentPostprocessing = 0;
		};
/* End PBXResourcesBuildPhase section */

/* Begin PBXShellScriptBuildPhase section */
		E45AC4484BD4ED0E4F20A7A5 /* [CP] Check Pods Manifest.lock */ = {
			isa = PBXShellScriptBuildPhase;
			buildActionMask = 2147483647;
			files = (
			);
			inputPaths = (
				"${PODS_PODFILE_DIR_PATH}/Podfile.lock",
				"${PODS_ROOT}/Manifest.lock",
			);
			name = "[CP] Check Pods Manifest.lock";
			outputPaths = (
				"$(DERIVED_FILE_DIR)/Pods-NewsNow-checkManifestLockResult.txt",
			);
			runOnlyForDeploymentPostprocessing = 0;
			shellPath = /bin/sh;
			shellScript = "diff \"${PODS_PODFILE_DIR_PATH}/Podfile.lock\" \"${PODS_ROOT}/Manifest.lock\" > /dev/null\nif [ $? != 0 ] ; then\n    # print error to STDERR\n    echo \"error: The sandbox is not in sync with the Podfile.lock. Run 'pod install' or update your CocoaPods installation.\" >&2\n    exit 1\nfi\n# This output is used by Xcode 'outputs' to avoid re-running this script phase.\necho \"SUCCESS\" > \"${SCRIPT_OUTPUT_FILE_0}\"\n";
			showEnvVarsInLog = 0;
		};
/* End PBXShellScriptBuildPhase section */

/* Begin PBXSourcesBuildPhase section */
		1AE87C0621427C75005D6B32 /* Sources */ = {
			isa = PBXSourcesBuildPhase;
			buildActionMask = 2147483647;
			files = (
				1AE87C2221427DA8005D6B32 /* NewsFeedTableViewController.swift in Sources */,
				1AE87C0E21427C75005D6B32 /* AppDelegate.swift in Sources */,
				1A56E49721C94C8D0041085F /* NewsFeedTableViewCell.swift in Sources */,
				1A8CD54B2143E27700843323 /* NewsDataModel.swift in Sources */,
			);
			runOnlyForDeploymentPostprocessing = 0;
		};
/* End PBXSourcesBuildPhase section */

/* Begin PBXVariantGroup section */
		1AE87C1121427C75005D6B32 /* Main.storyboard */ = {
			isa = PBXVariantGroup;
			children = (
				1AE87C1221427C75005D6B32 /* Base */,
			);
			name = Main.storyboard;
			sourceTree = "<group>";
		};
		1AE87C1621427C75005D6B32 /* LaunchScreen.storyboard */ = {
			isa = PBXVariantGroup;
			children = (
				1AE87C1721427C75005D6B32 /* Base */,
			);
			name = LaunchScreen.storyboard;
			sourceTree = "<group>";
		};
/* End PBXVariantGroup section */

/* Begin XCBuildConfiguration section */
		1AE87C1A21427C75005D6B32 /* Debug */ = {
			isa = XCBuildConfiguration;
			buildSettings = {
				ALWAYS_SEARCH_USER_PATHS = NO;
				CLANG_ANALYZER_NONNULL = YES;
				CLANG_ANALYZER_NUMBER_OBJECT_CONVERSION = YES_AGGRESSIVE;
				CLANG_CXX_LANGUAGE_STANDARD = "gnu++14";
				CLANG_CXX_LIBRARY = "libc++";
				CLANG_ENABLE_MODULES = YES;
				CLANG_ENABLE_OBJC_ARC = YES;
				CLANG_ENABLE_OBJC_WEAK = YES;
				CLANG_WARN_BLOCK_CAPTURE_AUTORELEASING = YES;
				CLANG_WARN_BOOL_CONVERSION = YES;
				CLANG_WARN_COMMA = YES;
				CLANG_WARN_CONSTANT_CONVERSION = YES;
				CLANG_WARN_DEPRECATED_OBJC_IMPLEMENTATIONS = YES;
				CLANG_WARN_DIRECT_OBJC_ISA_USAGE = YES_ERROR;
				CLANG_WARN_DOCUMENTATION_COMMENTS = YES;
				CLANG_WARN_EMPTY_BODY = YES;
				CLANG_WARN_ENUM_CONVERSION = YES;
				CLANG_WARN_INFINITE_RECURSION = YES;
				CLANG_WARN_INT_CONVERSION = YES;
				CLANG_WARN_NON_LITERAL_NULL_CONVERSION = YES;
				CLANG_WARN_OBJC_IMPLICIT_RETAIN_SELF = YES;
				CLANG_WARN_OBJC_LITERAL_CONVERSION = YES;
				CLANG_WARN_OBJC_ROOT_CLASS = YES_ERROR;
				CLANG_WARN_RANGE_LOOP_ANALYSIS = YES;
				CLANG_WARN_STRICT_PROTOTYPES = YES;
				CLANG_WARN_SUSPICIOUS_MOVE = YES;
				CLANG_WARN_UNGUARDED_AVAILABILITY = YES_AGGRESSIVE;
				CLANG_WARN_UNREACHABLE_CODE = YES;
				CLANG_WARN__DUPLICATE_METHOD_MATCH = YES;
				CODE_SIGN_IDENTITY = "iPhone Developer";
				COPY_PHASE_STRIP = NO;
				DEBUG_INFORMATION_FORMAT = dwarf;
				ENABLE_STRICT_OBJC_MSGSEND = YES;
				ENABLE_TESTABILITY = YES;
				GCC_C_LANGUAGE_STANDARD = gnu11;
				GCC_DYNAMIC_NO_PIC = NO;
				GCC_NO_COMMON_BLOCKS = YES;
				GCC_OPTIMIZATION_LEVEL = 0;
				GCC_PREPROCESSOR_DEFINITIONS = (
					"DEBUG=1",
					"$(inherited)",
				);
				GCC_WARN_64_TO_32_BIT_CONVERSION = YES;
				GCC_WARN_ABOUT_RETURN_TYPE = YES_ERROR;
				GCC_WARN_UNDECLARED_SELECTOR = YES;
				GCC_WARN_UNINITIALIZED_AUTOS = YES_AGGRESSIVE;
				GCC_WARN_UNUSED_FUNCTION = YES;
				GCC_WARN_UNUSED_VARIABLE = YES;
				IPHONEOS_DEPLOYMENT_TARGET = 11.4;
				MTL_ENABLE_DEBUG_INFO = YES;
				ONLY_ACTIVE_ARCH = YES;
				SDKROOT = iphoneos;
				SWIFT_ACTIVE_COMPILATION_CONDITIONS = DEBUG;
				SWIFT_OPTIMIZATION_LEVEL = "-Onone";
			};
			name = Debug;
		};
		1AE87C1B21427C75005D6B32 /* Release */ = {
			isa = XCBuildConfiguration;
			buildSettings = {
				ALWAYS_SEARCH_USER_PATHS = NO;
				CLANG_ANALYZER_NONNULL = YES;
				CLANG_ANALYZER_NUMBER_OBJECT_CONVERSION = YES_AGGRESSIVE;
				CLANG_CXX_LANGUAGE_STANDARD = "gnu++14";
				CLANG_CXX_LIBRARY = "libc++";
				CLANG_ENABLE_MODULES = YES;
				CLANG_ENABLE_OBJC_ARC = YES;
				CLANG_ENABLE_OBJC_WEAK = YES;
				CLANG_WARN_BLOCK_CAPTURE_AUTORELEASING = YES;
				CLANG_WARN_BOOL_CONVERSION = YES;
				CLANG_WARN_COMMA = YES;
				CLANG_WARN_CONSTANT_CONVERSION = YES;
				CLANG_WARN_DEPRECATED_OBJC_IMPLEMENTATIONS = YES;
				CLANG_WARN_DIRECT_OBJC_ISA_USAGE = YES_ERROR;
				CLANG_WARN_DOCUMENTATION_COMMENTS = YES;
				CLANG_WARN_EMPTY_BODY = YES;
				CLANG_WARN_ENUM_CONVERSION = YES;
				CLANG_WARN_INFINITE_RECURSION = YES;
				CLANG_WARN_INT_CONVERSION = YES;
				CLANG_WARN_NON_LITERAL_NULL_CONVERSION = YES;
				CLANG_WARN_OBJC_IMPLICIT_RETAIN_SELF = YES;
				CLANG_WARN_OBJC_LITERAL_CONVERSION = YES;
				CLANG_WARN_OBJC_ROOT_CLASS = YES_ERROR;
				CLANG_WARN_RANGE_LOOP_ANALYSIS = YES;
				CLANG_WARN_STRICT_PROTOTYPES = YES;
				CLANG_WARN_SUSPICIOUS_MOVE = YES;
				CLANG_WARN_UNGUARDED_AVAILABILITY = YES_AGGRESSIVE;
				CLANG_WARN_UNREACHABLE_CODE = YES;
				CLANG_WARN__DUPLICATE_METHOD_MATCH = YES;
				CODE_SIGN_IDENTITY = "iPhone Developer";
				COPY_PHASE_STRIP = NO;
				DEBUG_INFORMATION_FORMAT = "dwarf-with-dsym";
				ENABLE_NS_ASSERTIONS = NO;
				ENABLE_STRICT_OBJC_MSGSEND = YES;
				GCC_C_LANGUAGE_STANDARD = gnu11;
				GCC_NO_COMMON_BLOCKS = YES;
				GCC_WARN_64_TO_32_BIT_CONVERSION = YES;
				GCC_WARN_ABOUT_RETURN_TYPE = YES_ERROR;
				GCC_WARN_UNDECLARED_SELECTOR = YES;
				GCC_WARN_UNINITIALIZED_AUTOS = YES_AGGRESSIVE;
				GCC_WARN_UNUSED_FUNCTION = YES;
				GCC_WARN_UNUSED_VARIABLE = YES;
				IPHONEOS_DEPLOYMENT_TARGET = 11.4;
				MTL_ENABLE_DEBUG_INFO = NO;
				SDKROOT = iphoneos;
				SWIFT_COMPILATION_MODE = wholemodule;
				SWIFT_OPTIMIZATION_LEVEL = "-O";
				VALIDATE_PRODUCT = YES;
			};
			name = Release;
		};
		1AE87C1D21427C75005D6B32 /* Debug */ = {
			isa = XCBuildConfiguration;
			baseConfigurationReference = 027ADDA21D97C37B7549F6B8 /* Pods-NewsNow.debug.xcconfig */;
			buildSettings = {
				ASSETCATALOG_COMPILER_APPICON_NAME = AppIcon;
				CODE_SIGN_STYLE = Automatic;
				DEVELOPMENT_TEAM = PEJFTUUQ95;
				INFOPLIST_FILE = NewsNow/Info.plist;
				LD_RUNPATH_SEARCH_PATHS = (
					"$(inherited)",
					"@executable_path/Frameworks",
				);
				PRODUCT_BUNDLE_IDENTIFIER = com.anandnigam.NewsNow;
				PRODUCT_NAME = "$(TARGET_NAME)";
				SWIFT_VERSION = 4.2;
				TARGETED_DEVICE_FAMILY = "1,2";
			};
			name = Debug;
		};
		1AE87C1E21427C75005D6B32 /* Release */ = {
			isa = XCBuildConfiguration;
			baseConfigurationReference = 81EED090DCDD77A1765BE3D1 /* Pods-NewsNow.release.xcconfig */;
			buildSettings = {
				ASSETCATALOG_COMPILER_APPICON_NAME = AppIcon;
				CODE_SIGN_STYLE = Automatic;
				DEVELOPMENT_TEAM = PEJFTUUQ95;
				INFOPLIST_FILE = NewsNow/Info.plist;
				LD_RUNPATH_SEARCH_PATHS = (
					"$(inherited)",
					"@executable_path/Frameworks",
				);
				PRODUCT_BUNDLE_IDENTIFIER = com.anandnigam.NewsNow;
				PRODUCT_NAME = "$(TARGET_NAME)";
				SWIFT_VERSION = 4.2;
				TARGETED_DEVICE_FAMILY = "1,2";
			};
			name = Release;
		};
/* End XCBuildConfiguration section */

/* Begin XCConfigurationList section */
		1AE87C0521427C75005D6B32 /* Build configuration list for PBXProject "NewsNow" */ = {
			isa = XCConfigurationList;
			buildConfigurations = (
				1AE87C1A21427C75005D6B32 /* Debug */,
				1AE87C1B21427C75005D6B32 /* Release */,
			);
			defaultConfigurationIsVisible = 0;
			defaultConfigurationName = Release;
		};
		1AE87C1C21427C75005D6B32 /* Build configuration list for PBXNativeTarget "NewsNow" */ = {
			isa = XCConfigurationList;
			buildConfigurations = (
				1AE87C1D21427C75005D6B32 /* Debug */,
				1AE87C1E21427C75005D6B32 /* Release */,
			);
			defaultConfigurationIsVisible = 0;
			defaultConfigurationName = Release;
		};
/* End XCConfigurationList section */
	};
	rootObject = 1AE87C0221427C75005D6B32 /* Project object */;
}
